
Microsoft Visual Studio Solution File, Format Version 12.00
Project("{FAE04EC0-301F-11D3-BF4B-00C04F79EFBC}") = "Gravity.GoogleMaps.StaticMapBuilder", "Gravity.GoogleMaps.StaticMapBuilder\Gravity.GoogleMaps.StaticMapBuilder.csproj", "{D4DD7F45-5084-45C9-A3E6-BE4102B5955A}"
EndProject
Project("{FAE04EC0-301F-11D3-BF4B-00C04F79EFBC}") = "Gravity.GoogleMaps.StaticMapBuilder.Tests", "Gravity.GoogleMaps.StaticMapBuilder.Tests\Gravity.GoogleMaps.StaticMapBuilder.Tests.csproj", "{AB12B2CE-80B3-485B-B2CA-65342D6D1AAE}"
EndProject
Project("{2150E333-8FDC-42A3-9474-1A3956D46DE8}") = "assets", "assets", "{0B38E617-0317-4123-8E7A-2D6F102C592D}"
	ProjectSection(SolutionItems) = preProject
		Gravity.GoogleMaps.png = Gravity.GoogleMaps.png
	EndProjectSection
EndProject
Project("{FAE04EC0-301F-11D3-BF4B-00C04F79EFBC}") = "Gravity.GoogleMaps.TimeZoneBuilder", "Gravity.GoogleMaps.TimeZoneBuilder\Gravity.GoogleMaps.TimeZoneBuilder.csproj", "{C0D8F263-17DB-4ED7-950B-D6195067211C}"
EndProject
Global
	GlobalSection(SolutionConfigurationPlatforms) = preSolution
		Debug|Any CPU = Debug|Any CPU
		Release|Any CPU = Release|Any CPU
	EndGlobalSection
	GlobalSection(ProjectConfigurationPlatforms) = postSolution
		{D4DD7F45-5084-45C9-A3E6-BE4102B5955A}.Debug|Any CPU.ActiveCfg = Debug|Any CPU
		{D4DD7F45-5084-45C9-A3E6-BE4102B5955A}.Debug|Any CPU.Build.0 = Debug|Any CPU
		{D4DD7F45-5084-45C9-A3E6-BE4102B5955A}.Release|Any CPU.ActiveCfg = Release|Any CPU
		{D4DD7F45-5084-45C9-A3E6-BE4102B5955A}.Release|Any CPU.Build.0 = Release|Any CPU
		{AB12B2CE-80B3-485B-B2CA-65342D6D1AAE}.Debug|Any CPU.ActiveCfg = Debug|Any CPU
		{AB12B2CE-80B3-485B-B2CA-65342D6D1AAE}.Debug|Any CPU.Build.0 = Debug|Any CPU
		{AB12B2CE-80B3-485B-B2CA-65342D6D1AAE}.Release|Any CPU.ActiveCfg = Release|Any CPU
		{AB12B2CE-80B3-485B-B2CA-65342D6D1AAE}.Release|Any CPU.Build.0 = Release|Any CPU
		{C0D8F263-17DB-4ED7-950B-D6195067211C}.Debug|Any CPU.ActiveCfg = Debug|Any CPU
		{C0D8F263-17DB-4ED7-950B-D6195067211C}.Debug|Any CPU.Build.0 = Debug|Any CPU
		{C0D8F263-17DB-4ED7-950B-D6195067211C}.Release|Any CPU.ActiveCfg = Release|Any CPU
		{C0D8F263-17DB-4ED7-950B-D6195067211C}.Release|Any CPU.Build.0 = Release|Any CPU
	EndGlobalSection
	GlobalSection(NestedProjects) = preSolution
	EndGlobalSection
EndGlobal
